{
  "lib/chainlink-ccip": {
    "rev": "aa3224792927b281308ee73a56e08eaaf1a9c2c2"
  },
  "lib/chainlink-evm": {
    "rev": "7a535ccf3fa0e585a70e21ca41ceb1d5c44e6f8b"
  },
  "lib/chainlink-local": {
    "rev": "f8c0efe8685660dac07e08f4558f1b578ae991aa"
  },
  "lib/ens-contracts": {
    "rev": "f5f2ededccbb7e52be44925c0050620d71762e32"
  },
  "lib/forge-std": {
    "tag": {
      "name": "v1.16.0",
      "rev": "8987040ede9553cea20c95ad40d0455930f9c8e0"
    }
  },
  "lib/just-foundry": {
    "rev": "9e3aa1031284b6aa59194932293d9e7b2b0a7bc6"
  },
  "lib/openzeppelin-contracts": {
    "rev": "dc44c9f1a4c3b10af99492eed84f83ed244203f6"
  },
  "lib/openzeppelin-contracts-upgradeable": {
    "rev": "2d081f24cac1a867f6f73d512f2022e1fa987854"
  }
}